# Generated by pub
# See https://dart.dev/tools/pub/glossary#lockfile
packages:
  meta:
    dependency: "direct main"
    description:
      name: meta
      sha256: d584fa6707a52763a52446f02cc621b077888fb63b93bbcb1143a7be5a0c0c04
      url: "https://pub.flutter-io.cn"
    source: hosted
    version: "1.11.0"
sdks:
  dart: ">=2.12.0 <4.0.0"
